
Microsoft Visual Studio Solution File, Format Version 12.00
# Visual Studio Version 17
VisualStudioVersion = 17.9.34728.123
MinimumVisualStudioVersion = 10.0.40219.1
Project("{FAE04EC0-301F-11D3-BF4B-00C04F79EFBC}") = "Janus.Windows", "Janus.Windows\Janus.Windows.csproj", "{23A8BA4D-A2FC-41EB-A47B-9DB1964A0C11}"
EndProject
Global
	GlobalSection(SolutionConfigurationPlatforms) = preSolution
		Debug|Any CPU = Debug|Any CPU
		Release|Any CPU = Release|Any CPU
	EndGlobalSection
	GlobalSection(ProjectConfigurationPlatforms) = postSolution
		{23A8BA4D-A2FC-41EB-A47B-9DB1964A0C11}.Debug|Any CPU.ActiveCfg = Debug|Any CPU
		{23A8BA4D-A2FC-41EB-A47B-9DB1964A0C11}.Debug|Any CPU.Build.0 = Debug|Any CPU
		{23A8BA4D-A2FC-41EB-A47B-9DB1964A0C11}.Release|Any CPU.ActiveCfg = Release|Any CPU
		{23A8BA4D-A2FC-41EB-A47B-9DB1964A0C11}.Release|Any CPU.Build.0 = Release|Any CPU
	EndGlobalSection
	GlobalSection(SolutionProperties) = preSolution
		HideSolutionNode = FALSE
	EndGlobalSection
	GlobalSection(ExtensibilityGlobals) = postSolution
		SolutionGuid = {9B90BB3D-5748-4DA6-8050-68E9345FA5A4}
	EndGlobalSection
EndGlobal
